# This file is automatically @generated by Cargo.
# It is not intended for manual editing.
version = 4

[[package]]
name = "argparse"
version = "0.4.0"
dependencies = [
 "macros",
]

[[package]]
name = "macros"
version = "0.4.0"
dependencies = [
 "proc-macro-util",
]

[[package]]
name = "proc-macro-util"
version = "0.1.0"
source = "git+https://github.com/shipsimfan/lib-proc-macro-util#8b8f883f16acea3451622ce81597c93ac62ad722"
dependencies = [
 "proc-macro-util-base",
 "proc-macro-util-macros",
]

[[package]]
name = "proc-macro-util-base"
version = "0.1.0"
source = "git+https://github.com/shipsimfan/lib-proc-macro-util#8b8f883f16acea3451622ce81597c93ac62ad722"

[[package]]
name = "proc-macro-util-macros"
version = "0.1.0"
source = "git+https://github.com/shipsimfan/lib-proc-macro-util#8b8f883f16acea3451622ce81597c93ac62ad722"
dependencies = [
 "proc-macro-util-base",
]
