# This file is automatically @generated by Cargo.
# It is not intended for manual editing.
version = 4

[[package]]
name = "argparse"
version = "0.4.0"
dependencies = [
 "macros",
]

[[package]]
name = "macros"
version = "0.4.0"
dependencies = [
 "proc-macro-util",
]

[[package]]
name = "proc-macro-util"
version = "0.1.0"
source = "git+https://github.com/shipsimfan/lib-proc-macro-util#dc8dd4731da64fb9af18c5a7de40e1b8c3686570"
dependencies = [
 "proc-macro-util-base",
 "proc-macro-util-macros",
]

[[package]]
name = "proc-macro-util-base"
version = "0.1.0"
source = "git+https://github.com/shipsimfan/lib-proc-macro-util#dc8dd4731da64fb9af18c5a7de40e1b8c3686570"

[[package]]
name = "proc-macro-util-macros"
version = "0.1.0"
source = "git+https://github.com/shipsimfan/lib-proc-macro-util#dc8dd4731da64fb9af18c5a7de40e1b8c3686570"
dependencies = [
 "proc-macro-util-base",
]
