# This file is automatically @generated by Cargo.
# It is not intended for manual editing.
version = 4

[[package]]
name = "argparse"
version = "0.4.0"
dependencies = [
 "i18n",
 "macros",
]

[[package]]
name = "i18n"
version = "0.1.0"
source = "git+https://github.com/shipsimfan/lib-i18n#ae685a2a3ef6db9f91ba24d5756414d7dd55e268"
dependencies = [
 "i18n-fluent",
 "i18n-fluent-macro",
 "i18n-locale",
 "i18n-translation",
]

[[package]]
name = "i18n-fluent"
version = "0.1.0"
source = "git+https://github.com/shipsimfan/lib-i18n#ae685a2a3ef6db9f91ba24d5756414d7dd55e268"

[[package]]
name = "i18n-fluent-macro"
version = "0.1.0"
source = "git+https://github.com/shipsimfan/lib-i18n#ae685a2a3ef6db9f91ba24d5756414d7dd55e268"
dependencies = [
 "i18n-fluent",
 "i18n-locale",
 "proc-macro-util",
]

[[package]]
name = "i18n-locale"
version = "0.1.0"
source = "git+https://github.com/shipsimfan/lib-i18n#ae685a2a3ef6db9f91ba24d5756414d7dd55e268"
dependencies = [
 "win32",
]

[[package]]
name = "i18n-translation"
version = "0.1.0"
source = "git+https://github.com/shipsimfan/lib-i18n#ae685a2a3ef6db9f91ba24d5756414d7dd55e268"
dependencies = [
 "i18n-locale",
]

[[package]]
name = "macros"
version = "0.4.0"
dependencies = [
 "i18n",
 "proc-macro-util",
]

[[package]]
name = "proc-macro-util"
version = "0.1.0"
source = "git+https://github.com/shipsimfan/lib-proc-macro-util#4d02fbad980be3c7f64bc7cbb7a25a729bbf9dfe"
dependencies = [
 "proc-macro-util-base",
 "proc-macro-util-macros",
]

[[package]]
name = "proc-macro-util-base"
version = "0.1.0"
source = "git+https://github.com/shipsimfan/lib-proc-macro-util#4d02fbad980be3c7f64bc7cbb7a25a729bbf9dfe"
dependencies = [
 "i18n-translation",
]

[[package]]
name = "proc-macro-util-macros"
version = "0.1.0"
source = "git+https://github.com/shipsimfan/lib-proc-macro-util#4d02fbad980be3c7f64bc7cbb7a25a729bbf9dfe"
dependencies = [
 "i18n-translation",
 "proc-macro-util-base",
]

[[package]]
name = "win32"
version = "0.1.0"
source = "git+https://github.com/shipsimfan/lib-win32#52ff91ddef86b5e70fec2b7c960d71a79f60b098"
